{
  "name": "openclaw-model-cli",
  "version": "0.1.0",
  "lockfileVersion": 3,
  "requires": true,
  "packages": {
    "": {
      "name": "openclaw-model-cli",
      "version": "0.1.0",
      "license": "UNLICENSED",
      "bin": {
        "openclaw-model": "bin/openclaw-model.js"
      }
    }
  }
}
